{
  "object": {
    "pins": [
      {
        "package": "libtesseract",
        "repositoryURL": "https://github.com/SwiftyTesseract/libtesseract.git",
        "state": {
          "branch": null,
          "revision": "214a36e04d740795d7ba2f07c6108944d0136f8a",
          "version": "0.2.0"
        }
      },
      {
        "package": "QKMRZParser",
        "repositoryURL": "https://github.com/Mattijah/QKMRZParser.git",
        "state": {
          "branch": null,
          "revision": "ef79fdfa691e6323e729e33c2f79bace10286f49",
          "version": "2.0.0"
        }
      },
      {
        "package": "SwiftyTesseract",
        "repositoryURL": "https://github.com/SwiftyTesseract/SwiftyTesseract",
        "state": {
          "branch": null,
          "revision": "1393d15d0278673dd89f2ba21d3fb748f99e02ce",
          "version": "4.0.1"
        }
      }
    ]
  },
  "version": 1
}
