PODS:
  - QKMRZParser (1.0.1)
  - SwiftyTesseract (2.2.3)

DEPENDENCIES:
  - QKMRZParser (~> 1.0.1)
  - SwiftyTesseract (~> 2.2.3)

SPEC REPOS:
  https://github.com/CocoaPods/Specs.git:
    - QKMRZParser
    - SwiftyTesseract

SPEC CHECKSUMS:
  QKMRZParser: 07921dbffa7e4064406113731bc0f1f5e6210bce
  SwiftyTesseract: d92b644e0e12d143bc272bfe1edb73ae07f2b2e8

PODFILE CHECKSUM: 9ac0ad14b83ea9b067c1d4b96f93b64f9d977d45

COCOAPODS: 1.10.1
